// !$*UTF8*$!
{
	archiveVersion = 1;
	classes = {
	};
	objectVersion = 50;
	objects = {

/* Begin PBXBuildFile section */
		82577D7924A304BD00242B5A /* AppDelegate.swift in Sources */ = {isa = PBXBuildFile; fileRef = 82577D7824A304BD00242B5A /* AppDelegate.swift */; };
		82577D7B24A304BD00242B5A /* SceneDelegate.swift in Sources */ = {isa = PBXBuildFile; fileRef = 82577D7A24A304BD00242B5A /* SceneDelegate.swift */; };
		82577D7D24A304BD00242B5A /* ContentView.swift in Sources */ = {isa = PBXBuildFile; fileRef = 82577D7C24A304BD00242B5A /* ContentView.swift */; };
		82577D7F24A304BF00242B5A /* Assets.xcassets in Resources */ = {isa = PBXBuildFile; fileRef = 82577D7E24A304BF00242B5A /* Assets.xcassets */; };
		82577D8224A304BF00242B5A /* Preview Assets.xcassets in Resources */ = {isa = PBXBuildFile; fileRef = 82577D8124A304BF00242B5A /* Preview Assets.xcassets */; };
		82577D8524A304BF00242B5A /* LaunchScreen.storyboard in Resources */ = {isa = PBXBuildFile; fileRef = 82577D8324A304BF00242B5A /* LaunchScreen.storyboard */; };
		82577D9324A305E600242B5A /* Data.swift in Sources */ = {isa = PBXBuildFile; fileRef = 82577D9224A305E600242B5A /* Data.swift */; };
		82577D9524A3061600242B5A /* Pokemon.swift in Sources */ = {isa = PBXBuildFile; fileRef = 82577D9424A3061600242B5A /* Pokemon.swift */; };
		82577D9824A3067C00242B5A /* PokemonRow.swift in Sources */ = {isa = PBXBuildFile; fileRef = 82577D9724A3067C00242B5A /* PokemonRow.swift */; };
		82577D9A24A3069C00242B5A /* PokemonImageView.swift in Sources */ = {isa = PBXBuildFile; fileRef = 82577D9924A3069C00242B5A /* PokemonImageView.swift */; };
		82577D9C24A306B900242B5A /* PokemonDetailView.swift in Sources */ = {isa = PBXBuildFile; fileRef = 82577D9B24A306B900242B5A /* PokemonDetailView.swift */; };
		82577D9E24A306CE00242B5A /* AboutView.swift in Sources */ = {isa = PBXBuildFile; fileRef = 82577D9D24A306CE00242B5A /* AboutView.swift */; };
		82577DA024A306F900242B5A /* ColorUtil.swift in Sources */ = {isa = PBXBuildFile; fileRef = 82577D9F24A306F900242B5A /* ColorUtil.swift */; };
		82DAD60C24A307AB00BF18E2 /* pokemon.json in Resources */ = {isa = PBXBuildFile; fileRef = 82DAD60B24A307AB00BF18E2 /* pokemon.json */; };
		82DAD60E24A308D700BF18E2 /* PokemonSolid.ttf in Resources */ = {isa = PBXBuildFile; fileRef = 82DAD60D24A308D700BF18E2 /* PokemonSolid.ttf */; };
/* End PBXBuildFile section */

/* Begin PBXFileReference section */
		82577D7524A304BD00242B5A /* PokeDex.app */ = {isa = PBXFileReference; explicitFileType = wrapper.application; includeInIndex = 0; path = PokeDex.app; sourceTree = BUILT_PRODUCTS_DIR; };
		82577D7824A304BD00242B5A /* AppDelegate.swift */ = {isa = PBXFileReference; lastKnownFileType = sourcecode.swift; path = AppDelegate.swift; sourceTree = "<group>"; };
		82577D7A24A304BD00242B5A /* SceneDelegate.swift */ = {isa = PBXFileReference; lastKnownFileType = sourcecode.swift; path = SceneDelegate.swift; sourceTree = "<group>"; };
		82577D7C24A304BD00242B5A /* ContentView.swift */ = {isa = PBXFileReference; lastKnownFileType = sourcecode.swift; path = ContentView.swift; sourceTree = "<group>"; };
		82577D7E24A304BF00242B5A /* Assets.xcassets */ = {isa = PBXFileReference; lastKnownFileType = folder.assetcatalog; path = Assets.xcassets; sourceTree = "<group>"; };
		82577D8124A304BF00242B5A /* Preview Assets.xcassets */ = {isa = PBXFileReference; lastKnownFileType = folder.assetcatalog; path = "Preview Assets.xcassets"; sourceTree = "<group>"; };
		82577D8424A304BF00242B5A /* Base */ = {isa = PBXFileReference; lastKnownFileType = file.storyboard; name = Base; path = Base.lproj/LaunchScreen.storyboard; sourceTree = "<group>"; };
		82577D8624A304BF00242B5A /* Info.plist */ = {isa = PBXFileReference; lastKnownFileType = text.plist.xml; path = Info.plist; sourceTree = "<group>"; };
		82577D9224A305E600242B5A /* Data.swift */ = {isa = PBXFileReference; lastKnownFileType = sourcecode.swift; path = Data.swift; sourceTree = "<group>"; };
		82577D9424A3061600242B5A /* Pokemon.swift */ = {isa = PBXFileReference; lastKnownFileType = sourcecode.swift; path = Pokemon.swift; sourceTree = "<group>"; };
		82577D9724A3067C00242B5A /* PokemonRow.swift */ = {isa = PBXFileReference; lastKnownFileType = sourcecode.swift; path = PokemonRow.swift; sourceTree = "<group>"; };
		82577D9924A3069C00242B5A /* PokemonImageView.swift */ = {isa = PBXFileReference; lastKnownFileType = sourcecode.swift; path = PokemonImageView.swift; sourceTree = "<group>"; };
		82577D9B24A306B900242B5A /* PokemonDetailView.swift */ = {isa = PBXFileReference; lastKnownFileType = sourcecode.swift; path = PokemonDetailView.swift; sourceTree = "<group>"; };
		82577D9D24A306CE00242B5A /* AboutView.swift */ = {isa = PBXFileReference; lastKnownFileType = sourcecode.swift; path = AboutView.swift; sourceTree = "<group>"; };
		82577D9F24A306F900242B5A /* ColorUtil.swift */ = {isa = PBXFileReference; lastKnownFileType = sourcecode.swift; path = ColorUtil.swift; sourceTree = "<group>"; };
		82DAD60B24A307AB00BF18E2 /* pokemon.json */ = {isa = PBXFileReference; lastKnownFileType = text.json; path = pokemon.json; sourceTree = "<group>"; };
		82DAD60D24A308D700BF18E2 /* PokemonSolid.ttf */ = {isa = PBXFileReference; lastKnownFileType = file; path = PokemonSolid.ttf; sourceTree = "<group>"; };
/* End PBXFileReference section */

/* Begin PBXFrameworksBuildPhase section */
		82577D7224A304BD00242B5A /* Frameworks */ = {
			isa = PBXFrameworksBuildPhase;
			buildActionMask = 2147483647;
			files = (
			);
			runOnlyForDeploymentPostprocessing = 0;
		};
/* End PBXFrameworksBuildPhase section */

/* Begin PBXGroup section */
		82577D6C24A304BD00242B5A = {
			isa = PBXGroup;
			children = (
				82577D7724A304BD00242B5A /* PokeDex */,
				82577D7624A304BD00242B5A /* Products */,
			);
			sourceTree = "<group>";
		};
		82577D7624A304BD00242B5A /* Products */ = {
			isa = PBXGroup;
			children = (
				82577D7524A304BD00242B5A /* PokeDex.app */,
			);
			name = Products;
			sourceTree = "<group>";
		};
		82577D7724A304BD00242B5A /* PokeDex */ = {
			isa = PBXGroup;
			children = (
				82577D8C24A304EB00242B5A /* Fonts */,
				82577D8D24A3055300242B5A /* Utils */,
				82577D8E24A3055800242B5A /* Resources */,
				82577D8F24A3056100242B5A /* Models */,
				82577D9024A3056600242B5A /* SupportingViews */,
				82577D9124A3057100242B5A /* Views */,
				82577D7A24A304BD00242B5A /* SceneDelegate.swift */,
				82577D7824A304BD00242B5A /* AppDelegate.swift */,
				82577D7E24A304BF00242B5A /* Assets.xcassets */,
				82577D8324A304BF00242B5A /* LaunchScreen.storyboard */,
				82577D8624A304BF00242B5A /* Info.plist */,
				82577D8024A304BF00242B5A /* Preview Content */,
			);
			path = PokeDex;
			sourceTree = "<group>";
		};
		82577D8024A304BF00242B5A /* Preview Content */ = {
			isa = PBXGroup;
			children = (
				82577D8124A304BF00242B5A /* Preview Assets.xcassets */,
			);
			path = "Preview Content";
			sourceTree = "<group>";
		};
		82577D8C24A304EB00242B5A /* Fonts */ = {
			isa = PBXGroup;
			children = (
				82DAD60D24A308D700BF18E2 /* PokemonSolid.ttf */,
			);
			path = Fonts;
			sourceTree = "<group>";
		};
		82577D8D24A3055300242B5A /* Utils */ = {
			isa = PBXGroup;
			children = (
				82577D9F24A306F900242B5A /* ColorUtil.swift */,
			);
			path = Utils;
			sourceTree = "<group>";
		};
		82577D8E24A3055800242B5A /* Resources */ = {
			isa = PBXGroup;
			children = (
				82DAD60B24A307AB00BF18E2 /* pokemon.json */,
			);
			path = Resources;
			sourceTree = "<group>";
		};
		82577D8F24A3056100242B5A /* Models */ = {
			isa = PBXGroup;
			children = (
				82577D9224A305E600242B5A /* Data.swift */,
				82577D9424A3061600242B5A /* Pokemon.swift */,
			);
			path = Models;
			sourceTree = "<group>";
		};
		82577D9024A3056600242B5A /* SupportingViews */ = {
			isa = PBXGroup;
			children = (
				82577D9724A3067C00242B5A /* PokemonRow.swift */,
				82577D9924A3069C00242B5A /* PokemonImageView.swift */,
			);
			path = SupportingViews;
			sourceTree = "<group>";
		};
		82577D9124A3057100242B5A /* Views */ = {
			isa = PBXGroup;
			children = (
				82577D7C24A304BD00242B5A /* ContentView.swift */,
				82577D9B24A306B900242B5A /* PokemonDetailView.swift */,
				82577D9D24A306CE00242B5A /* AboutView.swift */,
			);
			path = Views;
			sourceTree = "<group>";
		};
/* End PBXGroup section */

/* Begin PBXNativeTarget section */
		82577D7424A304BD00242B5A /* PokeDex */ = {
			isa = PBXNativeTarget;
			buildConfigurationList = 82577D8924A304BF00242B5A /* Build configuration list for PBXNativeTarget "PokeDex" */;
			buildPhases = (
				82577D7124A304BD00242B5A /* Sources */,
				82577D7224A304BD00242B5A /* Frameworks */,
				82577D7324A304BD00242B5A /* Resources */,
			);
			buildRules = (
			);
			dependencies = (
			);
			name = PokeDex;
			productName = PokeDex;
			productReference = 82577D7524A304BD00242B5A /* PokeDex.app */;
			productType = "com.apple.product-type.application";
		};
/* End PBXNativeTarget section */

/* Begin PBXProject section */
		82577D6D24A304BD00242B5A /* Project object */ = {
			isa = PBXProject;
			attributes = {
				LastSwiftUpdateCheck = 1150;
				LastUpgradeCheck = 1150;
				ORGANIZATIONNAME = "Andi Wijaya";
				TargetAttributes = {
					82577D7424A304BD00242B5A = {
						CreatedOnToolsVersion = 11.5;
					};
				};
			};
			buildConfigurationList = 82577D7024A304BD00242B5A /* Build configuration list for PBXProject "PokeDex" */;
			compatibilityVersion = "Xcode 9.3";
			developmentRegion = en;
			hasScannedForEncodings = 0;
			knownRegions = (
				en,
				Base,
			);
			mainGroup = 82577D6C24A304BD00242B5A;
			productRefGroup = 82577D7624A304BD00242B5A /* Products */;
			projectDirPath = "";
			projectRoot = "";
			targets = (
				82577D7424A304BD00242B5A /* PokeDex */,
			);
		};
/* End PBXProject section */

/* Begin PBXResourcesBuildPhase section */
		82577D7324A304BD00242B5A /* Resources */ = {
			isa = PBXResourcesBuildPhase;
			buildActionMask = 2147483647;
			files = (
				82DAD60E24A308D700BF18E2 /* PokemonSolid.ttf in Resources */,
				82577D8524A304BF00242B5A /* LaunchScreen.storyboard in Resources */,
				82DAD60C24A307AB00BF18E2 /* pokemon.json in Resources */,
				82577D8224A304BF00242B5A /* Preview Assets.xcassets in Resources */,
				82577D7F24A304BF00242B5A /* Assets.xcassets in Resources */,
			);
			runOnlyForDeploymentPostprocessing = 0;
		};
/* End PBXResourcesBuildPhase section */

/* Begin PBXSourcesBuildPhase section */
		82577D7124A304BD00242B5A /* Sources */ = {
			isa = PBXSourcesBuildPhase;
			buildActionMask = 2147483647;
			files = (
				82577D9524A3061600242B5A /* Pokemon.swift in Sources */,
				82577D9C24A306B900242B5A /* PokemonDetailView.swift in Sources */,
				82577D7924A304BD00242B5A /* AppDelegate.swift in Sources */,
				82577DA024A306F900242B5A /* ColorUtil.swift in Sources */,
				82577D9824A3067C00242B5A /* PokemonRow.swift in Sources */,
				82577D9E24A306CE00242B5A /* AboutView.swift in Sources */,
				82577D7B24A304BD00242B5A /* SceneDelegate.swift in Sources */,
				82577D7D24A304BD00242B5A /* ContentView.swift in Sources */,
				82577D9A24A3069C00242B5A /* PokemonImageView.swift in Sources */,
				82577D9324A305E600242B5A /* Data.swift in Sources */,
			);
			runOnlyForDeploymentPostprocessing = 0;
		};
/* End PBXSourcesBuildPhase section */

/* Begin PBXVariantGroup section */
		82577D8324A304BF00242B5A /* LaunchScreen.storyboard */ = {
			isa = PBXVariantGroup;
			children = (
				82577D8424A304BF00242B5A /* Base */,
			);
			name = LaunchScreen.storyboard;
			sourceTree = "<group>";
		};
/* End PBXVariantGroup section */

/* Begin XCBuildConfiguration section */
		82577D8724A304BF00242B5A /* Debug */ = {
			isa = XCBuildConfiguration;
			buildSettings = {
				ALWAYS_SEARCH_USER_PATHS = NO;
				CLANG_ANALYZER_NONNULL = YES;
				CLANG_ANALYZER_NUMBER_OBJECT_CONVERSION = YES_AGGRESSIVE;
				CLANG_CXX_LANGUAGE_STANDARD = "gnu++14";
				CLANG_CXX_LIBRARY = "libc++";
				CLANG_ENABLE_MODULES = YES;
				CLANG_ENABLE_OBJC_ARC = YES;
				CLANG_ENABLE_OBJC_WEAK = YES;
				CLANG_WARN_BLOCK_CAPTURE_AUTORELEASING = YES;
				CLANG_WARN_BOOL_CONVERSION = YES;
				CLANG_WARN_COMMA = YES;
				CLANG_WARN_CONSTANT_CONVERSION = YES;
				CLANG_WARN_DEPRECATED_OBJC_IMPLEMENTATIONS = YES;
				CLANG_WARN_DIRECT_OBJC_ISA_USAGE = YES_ERROR;
				CLANG_WARN_DOCUMENTATION_COMMENTS = YES;
				CLANG_WARN_EMPTY_BODY = YES;
				CLANG_WARN_ENUM_CONVERSION = YES;
				CLANG_WARN_INFINITE_RECURSION = YES;
				CLANG_WARN_INT_CONVERSION = YES;
				CLANG_WARN_NON_LITERAL_NULL_CONVERSION = YES;
				CLANG_WARN_OBJC_IMPLICIT_RETAIN_SELF = YES;
				CLANG_WARN_OBJC_LITERAL_CONVERSION = YES;
				CLANG_WARN_OBJC_ROOT_CLASS = YES_ERROR;
				CLANG_WARN_RANGE_LOOP_ANALYSIS = YES;
				CLANG_WARN_STRICT_PROTOTYPES = YES;
				CLANG_WARN_SUSPICIOUS_MOVE = YES;
				CLANG_WARN_UNGUARDED_AVAILABILITY = YES_AGGRESSIVE;
				CLANG_WARN_UNREACHABLE_CODE = YES;
				CLANG_WARN__DUPLICATE_METHOD_MATCH = YES;
				COPY_PHASE_STRIP = NO;
				DEBUG_INFORMATION_FORMAT = dwarf;
				ENABLE_STRICT_OBJC_MSGSEND = YES;
				ENABLE_TESTABILITY = YES;
				GCC_C_LANGUAGE_STANDARD = gnu11;
				GCC_DYNAMIC_NO_PIC = NO;
				GCC_NO_COMMON_BLOCKS = YES;
				GCC_OPTIMIZATION_LEVEL = 0;
				GCC_PREPROCESSOR_DEFINITIONS = (
					"DEBUG=1",
					"$(inherited)",
				);
				GCC_WARN_64_TO_32_BIT_CONVERSION = YES;
				GCC_WARN_ABOUT_RETURN_TYPE = YES_ERROR;
				GCC_WARN_UNDECLARED_SELECTOR = YES;
				GCC_WARN_UNINITIALIZED_AUTOS = YES_AGGRESSIVE;
				GCC_WARN_UNUSED_FUNCTION = YES;
				GCC_WARN_UNUSED_VARIABLE = YES;
				IPHONEOS_DEPLOYMENT_TARGET = 13.5;
				MTL_ENABLE_DEBUG_INFO = INCLUDE_SOURCE;
				MTL_FAST_MATH = YES;
				ONLY_ACTIVE_ARCH = YES;
				SDKROOT = iphoneos;
				SWIFT_ACTIVE_COMPILATION_CONDITIONS = DEBUG;
				SWIFT_OPTIMIZATION_LEVEL = "-Onone";
			};
			name = Debug;
		};
		82577D8824A304BF00242B5A /* Release */ = {
			isa = XCBuildConfiguration;
			buildSettings = {
				ALWAYS_SEARCH_USER_PATHS = NO;
				CLANG_ANALYZER_NONNULL = YES;
				CLANG_ANALYZER_NUMBER_OBJECT_CONVERSION = YES_AGGRESSIVE;
				CLANG_CXX_LANGUAGE_STANDARD = "gnu++14";
				CLANG_CXX_LIBRARY = "libc++";
				CLANG_ENABLE_MODULES = YES;
				CLANG_ENABLE_OBJC_ARC = YES;
				CLANG_ENABLE_OBJC_WEAK = YES;
				CLANG_WARN_BLOCK_CAPTURE_AUTORELEASING = YES;
				CLANG_WARN_BOOL_CONVERSION = YES;
				CLANG_WARN_COMMA = YES;
				CLANG_WARN_CONSTANT_CONVERSION = YES;
				CLANG_WARN_DEPRECATED_OBJC_IMPLEMENTATIONS = YES;
				CLANG_WARN_DIRECT_OBJC_ISA_USAGE = YES_ERROR;
				CLANG_WARN_DOCUMENTATION_COMMENTS = YES;
				CLANG_WARN_EMPTY_BODY = YES;
				CLANG_WARN_ENUM_CONVERSION = YES;
				CLANG_WARN_INFINITE_RECURSION = YES;
				CLANG_WARN_INT_CONVERSION = YES;
				CLANG_WARN_NON_LITERAL_NULL_CONVERSION = YES;
				CLANG_WARN_OBJC_IMPLICIT_RETAIN_SELF = YES;
				CLANG_WARN_OBJC_LITERAL_CONVERSION = YES;
				CLANG_WARN_OBJC_ROOT_CLASS = YES_ERROR;
				CLANG_WARN_RANGE_LOOP_ANALYSIS = YES;
				CLANG_WARN_STRICT_PROTOTYPES = YES;
				CLANG_WARN_SUSPICIOUS_MOVE = YES;
				CLANG_WARN_UNGUARDED_AVAILABILITY = YES_AGGRESSIVE;
				CLANG_WARN_UNREACHABLE_CODE = YES;
				CLANG_WARN__DUPLICATE_METHOD_MATCH = YES;
				COPY_PHASE_STRIP = NO;
				DEBUG_INFORMATION_FORMAT = "dwarf-with-dsym";
				ENABLE_NS_ASSERTIONS = NO;
				ENABLE_STRICT_OBJC_MSGSEND = YES;
				GCC_C_LANGUAGE_STANDARD = gnu11;
				GCC_NO_COMMON_BLOCKS = YES;
				GCC_WARN_64_TO_32_BIT_CONVERSION = YES;
				GCC_WARN_ABOUT_RETURN_TYPE = YES_ERROR;
				GCC_WARN_UNDECLARED_SELECTOR = YES;
				GCC_WARN_UNINITIALIZED_AUTOS = YES_AGGRESSIVE;
				GCC_WARN_UNUSED_FUNCTION = YES;
				GCC_WARN_UNUSED_VARIABLE = YES;
				IPHONEOS_DEPLOYMENT_TARGET = 13.5;
				MTL_ENABLE_DEBUG_INFO = NO;
				MTL_FAST_MATH = YES;
				SDKROOT = iphoneos;
				SWIFT_COMPILATION_MODE = wholemodule;
				SWIFT_OPTIMIZATION_LEVEL = "-O";
				VALIDATE_PRODUCT = YES;
			};
			name = Release;
		};
		82577D8A24A304BF00242B5A /* Debug */ = {
			isa = XCBuildConfiguration;
			buildSettings = {
				ASSETCATALOG_COMPILER_APPICON_NAME = AppIcon;
				CODE_SIGN_STYLE = Automatic;
				DEVELOPMENT_ASSET_PATHS = "\"PokeDex/Preview Content\"";
				DEVELOPMENT_TEAM = 278VP28G3C;
				ENABLE_PREVIEWS = YES;
				INFOPLIST_FILE = PokeDex/Info.plist;
				LD_RUNPATH_SEARCH_PATHS = (
					"$(inherited)",
					"@executable_path/Frameworks",
				);
				PRODUCT_BUNDLE_IDENTIFIER = id.andiwijaya.project.PokeDex;
				PRODUCT_NAME = "$(TARGET_NAME)";
				SWIFT_VERSION = 5.0;
				TARGETED_DEVICE_FAMILY = "1,2";
			};
			name = Debug;
		};
		82577D8B24A304BF00242B5A /* Release */ = {
			isa = XCBuildConfiguration;
			buildSettings = {
				ASSETCATALOG_COMPILER_APPICON_NAME = AppIcon;
				CODE_SIGN_STYLE = Automatic;
				DEVELOPMENT_ASSET_PATHS = "\"PokeDex/Preview Content\"";
				DEVELOPMENT_TEAM = 278VP28G3C;
				ENABLE_PREVIEWS = YES;
				INFOPLIST_FILE = PokeDex/Info.plist;
				LD_RUNPATH_SEARCH_PATHS = (
					"$(inherited)",
					"@executable_path/Frameworks",
				);
				PRODUCT_BUNDLE_IDENTIFIER = id.andiwijaya.project.PokeDex;
				PRODUCT_NAME = "$(TARGET_NAME)";
				SWIFT_VERSION = 5.0;
				TARGETED_DEVICE_FAMILY = "1,2";
			};
			name = Release;
		};
/* End XCBuildConfiguration section */

/* Begin XCConfigurationList section */
		82577D7024A304BD00242B5A /* Build configuration list for PBXProject "PokeDex" */ = {
			isa = XCConfigurationList;
			buildConfigurations = (
				82577D8724A304BF00242B5A /* Debug */,
				82577D8824A304BF00242B5A /* Release */,
			);
			defaultConfigurationIsVisible = 0;
			defaultConfigurationName = Release;
		};
		82577D8924A304BF00242B5A /* Build configuration list for PBXNativeTarget "PokeDex" */ = {
			isa = XCConfigurationList;
			buildConfigurations = (
				82577D8A24A304BF00242B5A /* Debug */,
				82577D8B24A304BF00242B5A /* Release */,
			);
			defaultConfigurationIsVisible = 0;
			defaultConfigurationName = Release;
		};
/* End XCConfigurationList section */
	};
	rootObject = 82577D6D24A304BD00242B5A /* Project object */;
}
